// !$*UTF8*$!
{
	archiveVersion = 1;
	classes = {
	};
	objectVersion = 46;
	objects = {

/* Begin PBXBuildFile section */
		8449AB641BC628DD0076071E /* UIView+Storyboard.swift in Sources */ = {isa = PBXBuildFile; fileRef = 8449AB631BC628DD0076071E /* UIView+Storyboard.swift */; };
		8494FC891BC3346D00CE554E /* AppDelegate.swift in Sources */ = {isa = PBXBuildFile; fileRef = 8494FC881BC3346D00CE554E /* AppDelegate.swift */; };
		8494FC8B1BC3346D00CE554E /* SignInViewController.swift in Sources */ = {isa = PBXBuildFile; fileRef = 8494FC8A1BC3346D00CE554E /* SignInViewController.swift */; };
		8494FC8E1BC3346D00CE554E /* Main.storyboard in Resources */ = {isa = PBXBuildFile; fileRef = 8494FC8C1BC3346D00CE554E /* Main.storyboard */; };
		8494FC901BC3346D00CE554E /* Assets.xcassets in Resources */ = {isa = PBXBuildFile; fileRef = 8494FC8F1BC3346D00CE554E /* Assets.xcassets */; };
		8494FC931BC3346D00CE554E /* LaunchScreen.storyboard in Resources */ = {isa = PBXBuildFile; fileRef = 8494FC911BC3346D00CE554E /* LaunchScreen.storyboard */; };
		8494FC9E1BC3346D00CE554E /* KardioKartTests.swift in Sources */ = {isa = PBXBuildFile; fileRef = 8494FC9D1BC3346D00CE554E /* KardioKartTests.swift */; };
		8494FCA91BC3346D00CE554E /* KardioKartUITests.swift in Sources */ = {isa = PBXBuildFile; fileRef = 8494FCA81BC3346D00CE554E /* KardioKartUITests.swift */; };
		8494FCB71BC3357700CE554E /* Podfile in Resources */ = {isa = PBXBuildFile; fileRef = 8494FCB61BC3357700CE554E /* Podfile */; };
		8494FCBA1BC36AAF00CE554E /* HealthKitViewController.swift in Sources */ = {isa = PBXBuildFile; fileRef = 8494FCB91BC36AAF00CE554E /* HealthKitViewController.swift */; };
		8494FCBC1BC374EB00CE554E /* LoadingViewController.swift in Sources */ = {isa = PBXBuildFile; fileRef = 8494FCBB1BC374EB00CE554E /* LoadingViewController.swift */; };
		8494FCC11BC37A3C00CE554E /* HealthManager.swift in Sources */ = {isa = PBXBuildFile; fileRef = 8494FCC01BC37A3C00CE554E /* HealthManager.swift */; };
		8494FCC31BC3867800CE554E /* LeaderboardViewController.swift in Sources */ = {isa = PBXBuildFile; fileRef = 8494FCC21BC3867800CE554E /* LeaderboardViewController.swift */; };
		8499A3B61BC48B46002A4099 /* HealthKit.framework in Frameworks */ = {isa = PBXBuildFile; fileRef = 8499A3B51BC48B46002A4099 /* HealthKit.framework */; };
		8499A3B81BC4D41D002A4099 /* LeaderboardTableViewCell.swift in Sources */ = {isa = PBXBuildFile; fileRef = 8499A3B71BC4D41D002A4099 /* LeaderboardTableViewCell.swift */; };
		84F36D4C1BDD301B00CF512A /* RaceTrackAvatar.swift in Sources */ = {isa = PBXBuildFile; fileRef = 84F36D4B1BDD301B00CF512A /* RaceTrackAvatar.swift */; };
		8E01D78F1D38612A00664BD8 /* OvalRaceTrack.swift in Sources */ = {isa = PBXBuildFile; fileRef = 8E01D78E1D38612A00664BD8 /* OvalRaceTrack.swift */; };
		8E17D5DC1D6164A7008B2ABA /* PowerupView.swift in Sources */ = {isa = PBXBuildFile; fileRef = 8E17D5DB1D6164A7008B2ABA /* PowerupView.swift */; };
		8E3834A11D52EC5C0032DB8F /* Platform.swift in Sources */ = {isa = PBXBuildFile; fileRef = 8E3834A01D52EC5C0032DB8F /* Platform.swift */; };
		8EB31E241D454515006E8100 /* AnimatedRaceTrack.swift in Sources */ = {isa = PBXBuildFile; fileRef = 8EB31E231D454515006E8100 /* AnimatedRaceTrack.swift */; };
		8ECB74BE1D4B1B4A002134AA /* PowerupManager.swift in Sources */ = {isa = PBXBuildFile; fileRef = 8ECB74BD1D4B1B4A002134AA /* PowerupManager.swift */; };
		8ED2D1121D56F10D00F1AA11 /* UIViewController+Utils.swift in Sources */ = {isa = PBXBuildFile; fileRef = 8ED2D1111D56F10D00F1AA11 /* UIViewController+Utils.swift */; };
		8ED2D1151D57A3DC00F1AA11 /* LapsRaceTrack.swift in Sources */ = {isa = PBXBuildFile; fileRef = 8ED2D1141D57A3DC00F1AA11 /* LapsRaceTrack.swift */; };
		8ED2D1171D59764F00F1AA11 /* RaceManager.swift in Sources */ = {isa = PBXBuildFile; fileRef = 8ED2D1161D59764F00F1AA11 /* RaceManager.swift */; };
		92453009E267C002F0C8D7A6 /* Pods_KardioKart.framework in Frameworks */ = {isa = PBXBuildFile; fileRef = 1CE5A4218B2B889A2747CF18 /* Pods_KardioKart.framework */; };
		9F1E05FF1BDD175400D927DC /* RaceTrackViewController.swift in Sources */ = {isa = PBXBuildFile; fileRef = 9F1E05FE1BDD175400D927DC /* RaceTrackViewController.swift */; };
		9F1E06011BDD181100D927DC /* RaceTrack.swift in Sources */ = {isa = PBXBuildFile; fileRef = 9F1E06001BDD181100D927DC /* RaceTrack.swift */; };
/* End PBXBuildFile section */

/* Begin PBXContainerItemProxy section */
		8494FC9A1BC3346D00CE554E /* PBXContainerItemProxy */ = {
			isa = PBXContainerItemProxy;
			containerPortal = 8494FC7D1BC3346C00CE554E /* Project object */;
			proxyType = 1;
			remoteGlobalIDString = 8494FC841BC3346D00CE554E;
			remoteInfo = CardioKart;
		};
		8494FCA51BC3346D00CE554E /* PBXContainerItemProxy */ = {
			isa = PBXContainerItemProxy;
			containerPortal = 8494FC7D1BC3346C00CE554E /* Project object */;
			proxyType = 1;
			remoteGlobalIDString = 8494FC841BC3346D00CE554E;
			remoteInfo = CardioKart;
		};
/* End PBXContainerItemProxy section */

/* Begin PBXFileReference section */
		1CE5A4218B2B889A2747CF18 /* Pods_KardioKart.framework */ = {isa = PBXFileReference; explicitFileType = wrapper.framework; includeInIndex = 0; path = Pods_KardioKart.framework; sourceTree = BUILT_PRODUCTS_DIR; };
		219166F9342E1006C155F951 /* Pods-KardioKart.debug.xcconfig */ = {isa = PBXFileReference; includeInIndex = 1; lastKnownFileType = text.xcconfig; name = "Pods-KardioKart.debug.xcconfig"; path = "Pods/Target Support Files/Pods-KardioKart/Pods-KardioKart.debug.xcconfig"; sourceTree = "<group>"; };
		8449AB631BC628DD0076071E /* UIView+Storyboard.swift */ = {isa = PBXFileReference; fileEncoding = 4; lastKnownFileType = sourcecode.swift; path = "UIView+Storyboard.swift"; sourceTree = "<group>"; };
		8494FC851BC3346D00CE554E /* KardioKart.app */ = {isa = PBXFileReference; explicitFileType = wrapper.application; includeInIndex = 0; path = KardioKart.app; sourceTree = BUILT_PRODUCTS_DIR; };
		8494FC881BC3346D00CE554E /* AppDelegate.swift */ = {isa = PBXFileReference; lastKnownFileType = sourcecode.swift; path = AppDelegate.swift; sourceTree = "<group>"; };
		8494FC8A1BC3346D00CE554E /* SignInViewController.swift */ = {isa = PBXFileReference; lastKnownFileType = sourcecode.swift; path = SignInViewController.swift; sourceTree = "<group>"; };
		8494FC8D1BC3346D00CE554E /* Base */ = {isa = PBXFileReference; lastKnownFileType = file.storyboard; name = Base; path = Base.lproj/Main.storyboard; sourceTree = "<group>"; };
		8494FC8F1BC3346D00CE554E /* Assets.xcassets */ = {isa = PBXFileReference; lastKnownFileType = folder.assetcatalog; path = Assets.xcassets; sourceTree = "<group>"; };
		8494FC921BC3346D00CE554E /* Base */ = {isa = PBXFileReference; lastKnownFileType = file.storyboard; name = Base; path = Base.lproj/LaunchScreen.storyboard; sourceTree = "<group>"; };
		8494FC941BC3346D00CE554E /* Info.plist */ = {isa = PBXFileReference; lastKnownFileType = text.plist.xml; path = Info.plist; sourceTree = "<group>"; };
		8494FC991BC3346D00CE554E /* KardioKart.xctest */ = {isa = PBXFileReference; explicitFileType = wrapper.cfbundle; includeInIndex = 0; path = KardioKart.xctest; sourceTree = BUILT_PRODUCTS_DIR; };
		8494FC9D1BC3346D00CE554E /* KardioKartTests.swift */ = {isa = PBXFileReference; lastKnownFileType = sourcecode.swift; path = KardioKartTests.swift; sourceTree = "<group>"; };
		8494FC9F1BC3346D00CE554E /* Info.plist */ = {isa = PBXFileReference; lastKnownFileType = text.plist.xml; path = Info.plist; sourceTree = "<group>"; };
		8494FCA41BC3346D00CE554E /* KardioKart.xctest */ = {isa = PBXFileReference; explicitFileType = wrapper.cfbundle; includeInIndex = 0; path = KardioKart.xctest; sourceTree = BUILT_PRODUCTS_DIR; };
		8494FCA81BC3346D00CE554E /* KardioKartUITests.swift */ = {isa = PBXFileReference; lastKnownFileType = sourcecode.swift; path = KardioKartUITests.swift; sourceTree = "<group>"; };
		8494FCAA1BC3346D00CE554E /* Info.plist */ = {isa = PBXFileReference; lastKnownFileType = text.plist.xml; path = Info.plist; sourceTree = "<group>"; };
		8494FCB61BC3357700CE554E /* Podfile */ = {isa = PBXFileReference; fileEncoding = 4; lastKnownFileType = text; path = Podfile; sourceTree = "<group>"; xcLanguageSpecificationIdentifier = xcode.lang.ruby; };
		8494FCB81BC33D0E00CE554E /* KardioKart-Bridging-Header.h */ = {isa = PBXFileReference; fileEncoding = 4; lastKnownFileType = sourcecode.c.h; lineEnding = 0; path = "KardioKart-Bridging-Header.h"; sourceTree = SOURCE_ROOT; xcLanguageSpecificationIdentifier = xcode.lang.objcpp; };
		8494FCB91BC36AAF00CE554E /* HealthKitViewController.swift */ = {isa = PBXFileReference; fileEncoding = 4; lastKnownFileType = sourcecode.swift; path = HealthKitViewController.swift; sourceTree = "<group>"; };
		8494FCBB1BC374EB00CE554E /* LoadingViewController.swift */ = {isa = PBXFileReference; fileEncoding = 4; lastKnownFileType = sourcecode.swift; path = LoadingViewController.swift; sourceTree = "<group>"; };
		8494FCBD1BC3798700CE554E /* KardioKart.entitlements */ = {isa = PBXFileReference; lastKnownFileType = text.xml; path = KardioKart.entitlements; sourceTree = "<group>"; };
		8494FCC01BC37A3C00CE554E /* HealthManager.swift */ = {isa = PBXFileReference; fileEncoding = 4; lastKnownFileType = sourcecode.swift; path = HealthManager.swift; sourceTree = "<group>"; };
		8494FCC21BC3867800CE554E /* LeaderboardViewController.swift */ = {isa = PBXFileReference; fileEncoding = 4; lastKnownFileType = sourcecode.swift; path = LeaderboardViewController.swift; sourceTree = "<group>"; };
		8499A3B51BC48B46002A4099 /* HealthKit.framework */ = {isa = PBXFileReference; lastKnownFileType = wrapper.framework; name = HealthKit.framework; path = System/Library/Frameworks/HealthKit.framework; sourceTree = SDKROOT; };
		8499A3B71BC4D41D002A4099 /* LeaderboardTableViewCell.swift */ = {isa = PBXFileReference; fileEncoding = 4; lastKnownFileType = sourcecode.swift; path = LeaderboardTableViewCell.swift; sourceTree = "<group>"; };
		84F36D4B1BDD301B00CF512A /* RaceTrackAvatar.swift */ = {isa = PBXFileReference; fileEncoding = 4; lastKnownFileType = sourcecode.swift; path = RaceTrackAvatar.swift; sourceTree = "<group>"; };
		8E01D78E1D38612A00664BD8 /* OvalRaceTrack.swift */ = {isa = PBXFileReference; fileEncoding = 4; lastKnownFileType = sourcecode.swift; path = OvalRaceTrack.swift; sourceTree = "<group>"; };
		8E17D5DB1D6164A7008B2ABA /* PowerupView.swift */ = {isa = PBXFileReference; fileEncoding = 4; lastKnownFileType = sourcecode.swift; path = PowerupView.swift; sourceTree = "<group>"; };
		8E3834A01D52EC5C0032DB8F /* Platform.swift */ = {isa = PBXFileReference; fileEncoding = 4; lastKnownFileType = sourcecode.swift; path = Platform.swift; sourceTree = "<group>"; };
		8EB31E231D454515006E8100 /* AnimatedRaceTrack.swift */ = {isa = PBXFileReference; fileEncoding = 4; lastKnownFileType = sourcecode.swift; path = AnimatedRaceTrack.swift; sourceTree = "<group>"; };
		8ECB74BD1D4B1B4A002134AA /* PowerupManager.swift */ = {isa = PBXFileReference; fileEncoding = 4; lastKnownFileType = sourcecode.swift; path = PowerupManager.swift; sourceTree = "<group>"; };
		8ED2D1111D56F10D00F1AA11 /* UIViewController+Utils.swift */ = {isa = PBXFileReference; fileEncoding = 4; lastKnownFileType = sourcecode.swift; path = "UIViewController+Utils.swift"; sourceTree = "<group>"; };
		8ED2D1141D57A3DC00F1AA11 /* LapsRaceTrack.swift */ = {isa = PBXFileReference; fileEncoding = 4; lastKnownFileType = sourcecode.swift; path = LapsRaceTrack.swift; sourceTree = "<group>"; };
		8ED2D1161D59764F00F1AA11 /* RaceManager.swift */ = {isa = PBXFileReference; fileEncoding = 4; lastKnownFileType = sourcecode.swift; path = RaceManager.swift; sourceTree = "<group>"; };
		9F1E05FE1BDD175400D927DC /* RaceTrackViewController.swift */ = {isa = PBXFileReference; fileEncoding = 4; lastKnownFileType = sourcecode.swift; path = RaceTrackViewController.swift; sourceTree = "<group>"; };
		9F1E06001BDD181100D927DC /* RaceTrack.swift */ = {isa = PBXFileReference; fileEncoding = 4; lastKnownFileType = sourcecode.swift; path = RaceTrack.swift; sourceTree = "<group>"; };
		B679B92544A6664551333CAF /* Pods-KardioKart.release.xcconfig */ = {isa = PBXFileReference; includeInIndex = 1; lastKnownFileType = text.xcconfig; name = "Pods-KardioKart.release.xcconfig"; path = "Pods/Target Support Files/Pods-KardioKart/Pods-KardioKart.release.xcconfig"; sourceTree = "<group>"; };
/* End PBXFileReference section */

/* Begin PBXFrameworksBuildPhase section */
		8494FC821BC3346D00CE554E /* Frameworks */ = {
			isa = PBXFrameworksBuildPhase;
			buildActionMask = 2147483647;
			files = (
				8499A3B61BC48B46002A4099 /* HealthKit.framework in Frameworks */,
				92453009E267C002F0C8D7A6 /* Pods_KardioKart.framework in Frameworks */,
			);
			runOnlyForDeploymentPostprocessing = 0;
		};
		8494FC961BC3346D00CE554E /* Frameworks */ = {
			isa = PBXFrameworksBuildPhase;
			buildActionMask = 2147483647;
			files = (
			);
			runOnlyForDeploymentPostprocessing = 0;
		};
		8494FCA11BC3346D00CE554E /* Frameworks */ = {
			isa = PBXFrameworksBuildPhase;
			buildActionMask = 2147483647;
			files = (
			);
			runOnlyForDeploymentPostprocessing = 0;
		};
/* End PBXFrameworksBuildPhase section */

/* Begin PBXGroup section */
		7AF9D7F4C1795225B6268366 /* Pods */ = {
			isa = PBXGroup;
			children = (
				219166F9342E1006C155F951 /* Pods-KardioKart.debug.xcconfig */,
				B679B92544A6664551333CAF /* Pods-KardioKart.release.xcconfig */,
			);
			name = Pods;
			sourceTree = "<group>";
		};
		8494FC7C1BC3346C00CE554E = {
			isa = PBXGroup;
			children = (
				8494FCB61BC3357700CE554E /* Podfile */,
				8494FC871BC3346D00CE554E /* KardioKart */,
				8494FC9C1BC3346D00CE554E /* KardioKartTests */,
				8494FCA71BC3346D00CE554E /* KardioKartUITests */,
				8494FC861BC3346D00CE554E /* Products */,
				EC2BF059D3C181342EB8C46A /* Frameworks */,
				7AF9D7F4C1795225B6268366 /* Pods */,
			);
			sourceTree = "<group>";
		};
		8494FC861BC3346D00CE554E /* Products */ = {
			isa = PBXGroup;
			children = (
				8494FC851BC3346D00CE554E /* KardioKart.app */,
				8494FC991BC3346D00CE554E /* KardioKart.xctest */,
				8494FCA41BC3346D00CE554E /* KardioKart.xctest */,
			);
			name = Products;
			sourceTree = "<group>";
		};
		8494FC871BC3346D00CE554E /* KardioKart */ = {
			isa = PBXGroup;
			children = (
				8494FCBD1BC3798700CE554E /* KardioKart.entitlements */,
				8ED2D1131D56F11B00F1AA11 /* Storyboards */,
				8499A3B91BC57C65002A4099 /* Views */,
				8494FCC41BC4087700CE554E /* View Controllers */,
				8494FCC51BC4088000CE554E /* Managers */,
				8494FC8F1BC3346D00CE554E /* Assets.xcassets */,
				8494FC941BC3346D00CE554E /* Info.plist */,
				8494FC881BC3346D00CE554E /* AppDelegate.swift */,
				8494FCB81BC33D0E00CE554E /* KardioKart-Bridging-Header.h */,
				8449AB631BC628DD0076071E /* UIView+Storyboard.swift */,
				8ED2D1111D56F10D00F1AA11 /* UIViewController+Utils.swift */,
				8E3834A01D52EC5C0032DB8F /* Platform.swift */,
			);
			path = KardioKart;
			sourceTree = "<group>";
		};
		8494FC9C1BC3346D00CE554E /* KardioKartTests */ = {
			isa = PBXGroup;
			children = (
				8494FC9D1BC3346D00CE554E /* KardioKartTests.swift */,
				8494FC9F1BC3346D00CE554E /* Info.plist */,
			);
			path = KardioKartTests;
			sourceTree = "<group>";
		};
		8494FCA71BC3346D00CE554E /* KardioKartUITests */ = {
			isa = PBXGroup;
			children = (
				8494FCA81BC3346D00CE554E /* KardioKartUITests.swift */,
				8494FCAA1BC3346D00CE554E /* Info.plist */,
			);
			path = KardioKartUITests;
			sourceTree = "<group>";
		};
		8494FCC41BC4087700CE554E /* View Controllers */ = {
			isa = PBXGroup;
			children = (
				8494FC8A1BC3346D00CE554E /* SignInViewController.swift */,
				8494FCB91BC36AAF00CE554E /* HealthKitViewController.swift */,
				8494FCBB1BC374EB00CE554E /* LoadingViewController.swift */,
				8494FCC21BC3867800CE554E /* LeaderboardViewController.swift */,
				9F1E05FE1BDD175400D927DC /* RaceTrackViewController.swift */,
			);
			name = "View Controllers";
			sourceTree = "<group>";
		};
		8494FCC51BC4088000CE554E /* Managers */ = {
			isa = PBXGroup;
			children = (
				8ECB74BD1D4B1B4A002134AA /* PowerupManager.swift */,
				8494FCC01BC37A3C00CE554E /* HealthManager.swift */,
				8ED2D1161D59764F00F1AA11 /* RaceManager.swift */,
			);
			name = Managers;
			sourceTree = "<group>";
		};
		8499A3B91BC57C65002A4099 /* Views */ = {
			isa = PBXGroup;
			children = (
				8499A3B71BC4D41D002A4099 /* LeaderboardTableViewCell.swift */,
				8EB31E221D454501006E8100 /* Track */,
				84F36D4B1BDD301B00CF512A /* RaceTrackAvatar.swift */,
				8E17D5DB1D6164A7008B2ABA /* PowerupView.swift */,
			);
			name = Views;
			sourceTree = "<group>";
		};
		8EB31E221D454501006E8100 /* Track */ = {
			isa = PBXGroup;
			children = (
				9F1E06001BDD181100D927DC /* RaceTrack.swift */,
				8E01D78E1D38612A00664BD8 /* OvalRaceTrack.swift */,
				8ED2D1141D57A3DC00F1AA11 /* LapsRaceTrack.swift */,
				8EB31E231D454515006E8100 /* AnimatedRaceTrack.swift */,
			);
			name = Track;
			sourceTree = "<group>";
		};
		8ED2D1131D56F11B00F1AA11 /* Storyboards */ = {
			isa = PBXGroup;
			children = (
				8494FC911BC3346D00CE554E /* LaunchScreen.storyboard */,
				8494FC8C1BC3346D00CE554E /* Main.storyboard */,
			);
			name = Storyboards;
			sourceTree = "<group>";
		};
		EC2BF059D3C181342EB8C46A /* Frameworks */ = {
			isa = PBXGroup;
			children = (
				8499A3B51BC48B46002A4099 /* HealthKit.framework */,
				1CE5A4218B2B889A2747CF18 /* Pods_KardioKart.framework */,
			);
			name = Frameworks;
			sourceTree = "<group>";
		};
/* End PBXGroup section */

/* Begin PBXNativeTarget section */
		8494FC841BC3346D00CE554E /* KardioKart */ = {
			isa = PBXNativeTarget;
			buildConfigurationList = 8494FCAD1BC3346D00CE554E /* Build configuration list for PBXNativeTarget "KardioKart" */;
			buildPhases = (
				A28644E11F97769EA4DF3765 /* [CP] Check Pods Manifest.lock */,
				8494FC811BC3346D00CE554E /* Sources */,
				8494FC821BC3346D00CE554E /* Frameworks */,
				8494FC831BC3346D00CE554E /* Resources */,
				4BD097EB580E71641B82DCC6 /* [CP] Embed Pods Frameworks */,
				6E815A3633B257E2B04DF280 /* [CP] Copy Pods Resources */,
				8E9A03A91D52D1F30015D2AA /* ShellScript */,
			);
			buildRules = (
			);
			dependencies = (
			);
			name = KardioKart;
			productName = CardioKart;
			productReference = 8494FC851BC3346D00CE554E /* KardioKart.app */;
			productType = "com.apple.product-type.application";
		};
		8494FC981BC3346D00CE554E /* KardioKartTests */ = {
			isa = PBXNativeTarget;
			buildConfigurationList = 8494FCB01BC3346D00CE554E /* Build configuration list for PBXNativeTarget "KardioKartTests" */;
			buildPhases = (
				8494FC951BC3346D00CE554E /* Sources */,
				8494FC961BC3346D00CE554E /* Frameworks */,
				8494FC971BC3346D00CE554E /* Resources */,
			);
			buildRules = (
			);
			dependencies = (
				8494FC9B1BC3346D00CE554E /* PBXTargetDependency */,
			);
			name = KardioKartTests;
			productName = CardioKartTests;
			productReference = 8494FC991BC3346D00CE554E /* KardioKart.xctest */;
			productType = "com.apple.product-type.bundle.unit-test";
		};
		8494FCA31BC3346D00CE554E /* KardioKartUITests */ = {
			isa = PBXNativeTarget;
			buildConfigurationList = 8494FCB31BC3346D00CE554E /* Build configuration list for PBXNativeTarget "KardioKartUITests" */;
			buildPhases = (
				8494FCA01BC3346D00CE554E /* Sources */,
				8494FCA11BC3346D00CE554E /* Frameworks */,
				8494FCA21BC3346D00CE554E /* Resources */,
			);
			buildRules = (
			);
			dependencies = (
				8494FCA61BC3346D00CE554E /* PBXTargetDependency */,
			);
			name = KardioKartUITests;
			productName = CardioKartUITests;
			productReference = 8494FCA41BC3346D00CE554E /* KardioKart.xctest */;
			productType = "com.apple.product-type.bundle.ui-testing";
		};
/* End PBXNativeTarget section */

/* Begin PBXProject section */
		8494FC7D1BC3346C00CE554E /* Project object */ = {
			isa = PBXProject;
			attributes = {
				LastUpgradeCheck = 0700;
				ORGANIZATIONNAME = Kartio;
				TargetAttributes = {
					8494FC841BC3346D00CE554E = {
						CreatedOnToolsVersion = 7.0.1;
						DevelopmentTeam = 36A757JM2P;
						SystemCapabilities = {
							com.apple.HealthKit = {
								enabled = 1;
							};
							com.apple.Push = {
								enabled = 0;
							};
						};
					};
					8494FC981BC3346D00CE554E = {
						CreatedOnToolsVersion = 7.0.1;
						TestTargetID = 8494FC841BC3346D00CE554E;
					};
					8494FCA31BC3346D00CE554E = {
						CreatedOnToolsVersion = 7.0.1;
						TestTargetID = 8494FC841BC3346D00CE554E;
					};
				};
			};
			buildConfigurationList = 8494FC801BC3346C00CE554E /* Build configuration list for PBXProject "KardioKart" */;
			compatibilityVersion = "Xcode 3.2";
			developmentRegion = English;
			hasScannedForEncodings = 0;
			knownRegions = (
				en,
				Base,
			);
			mainGroup = 8494FC7C1BC3346C00CE554E;
			productRefGroup = 8494FC861BC3346D00CE554E /* Products */;
			projectDirPath = "";
			projectRoot = "";
			targets = (
				8494FC841BC3346D00CE554E /* KardioKart */,
				8494FC981BC3346D00CE554E /* KardioKartTests */,
				8494FCA31BC3346D00CE554E /* KardioKartUITests */,
			);
		};
/* End PBXProject section */

/* Begin PBXResourcesBuildPhase section */
		8494FC831BC3346D00CE554E /* Resources */ = {
			isa = PBXResourcesBuildPhase;
			buildActionMask = 2147483647;
			files = (
				8494FC931BC3346D00CE554E /* LaunchScreen.storyboard in Resources */,
				8494FC901BC3346D00CE554E /* Assets.xcassets in Resources */,
				8494FCB71BC3357700CE554E /* Podfile in Resources */,
				8494FC8E1BC3346D00CE554E /* Main.storyboard in Resources */,
			);
			runOnlyForDeploymentPostprocessing = 0;
		};
		8494FC971BC3346D00CE554E /* Resources */ = {
			isa = PBXResourcesBuildPhase;
			buildActionMask = 2147483647;
			files = (
			);
			runOnlyForDeploymentPostprocessing = 0;
		};
		8494FCA21BC3346D00CE554E /* Resources */ = {
			isa = PBXResourcesBuildPhase;
			buildActionMask = 2147483647;
			files = (
			);
			runOnlyForDeploymentPostprocessing = 0;
		};
/* End PBXResourcesBuildPhase section */

/* Begin PBXShellScriptBuildPhase section */
		4BD097EB580E71641B82DCC6 /* [CP] Embed Pods Frameworks */ = {
			isa = PBXShellScriptBuildPhase;
			buildActionMask = 2147483647;
			files = (
			);
			inputPaths = (
			);
			name = "[CP] Embed Pods Frameworks";
			outputPaths = (
			);
			runOnlyForDeploymentPostprocessing = 0;
			shellPath = /bin/sh;
			shellScript = "\"${SRCROOT}/Pods/Target Support Files/Pods-KardioKart/Pods-KardioKart-frameworks.sh\"\n";
			showEnvVarsInLog = 0;
		};
		6E815A3633B257E2B04DF280 /* [CP] Copy Pods Resources */ = {
			isa = PBXShellScriptBuildPhase;
			buildActionMask = 2147483647;
			files = (
			);
			inputPaths = (
			);
			name = "[CP] Copy Pods Resources";
			outputPaths = (
			);
			runOnlyForDeploymentPostprocessing = 0;
			shellPath = /bin/sh;
			shellScript = "\"${SRCROOT}/Pods/Target Support Files/Pods-KardioKart/Pods-KardioKart-resources.sh\"\n";
			showEnvVarsInLog = 0;
		};
		8E9A03A91D52D1F30015D2AA /* ShellScript */ = {
			isa = PBXShellScriptBuildPhase;
			buildActionMask = 2147483647;
			files = (
			);
			inputPaths = (
			);
			outputPaths = (
			);
			runOnlyForDeploymentPostprocessing = 0;
			shellPath = /bin/sh;
			shellScript = "\"${PODS_ROOT}/Fabric/run\" b721eacab2230f0d8a20ca887d75b31784b433c4 5d2754ef6dbcdc967b222d434090ab04723a33fb94bfcf518a802dc0e4345c8a";
		};
		A28644E11F97769EA4DF3765 /* [CP] Check Pods Manifest.lock */ = {
			isa = PBXShellScriptBuildPhase;
			buildActionMask = 2147483647;
			files = (
			);
			inputPaths = (
			);
			name = "[CP] Check Pods Manifest.lock";
			outputPaths = (
			);
			runOnlyForDeploymentPostprocessing = 0;
			shellPath = /bin/sh;
			shellScript = "diff \"${PODS_ROOT}/../Podfile.lock\" \"${PODS_ROOT}/Manifest.lock\" > /dev/null\nif [[ $? != 0 ]] ; then\n    cat << EOM\nerror: The sandbox is not in sync with the Podfile.lock. Run 'pod install' or update your CocoaPods installation.\nEOM\n    exit 1\nfi\n";
			showEnvVarsInLog = 0;
		};
/* End PBXShellScriptBuildPhase section */

/* Begin PBXSourcesBuildPhase section */
		8494FC811BC3346D00CE554E /* Sources */ = {
			isa = PBXSourcesBuildPhase;
			buildActionMask = 2147483647;
			files = (
				8ED2D1121D56F10D00F1AA11 /* UIViewController+Utils.swift in Sources */,
				8E3834A11D52EC5C0032DB8F /* Platform.swift in Sources */,
				8E17D5DC1D6164A7008B2ABA /* PowerupView.swift in Sources */,
				8494FC8B1BC3346D00CE554E /* SignInViewController.swift in Sources */,
				8E01D78F1D38612A00664BD8 /* OvalRaceTrack.swift in Sources */,
				8ED2D1171D59764F00F1AA11 /* RaceManager.swift in Sources */,
				8EB31E241D454515006E8100 /* AnimatedRaceTrack.swift in Sources */,
				8499A3B81BC4D41D002A4099 /* LeaderboardTableViewCell.swift in Sources */,
				84F36D4C1BDD301B00CF512A /* RaceTrackAvatar.swift in Sources */,
				8494FC891BC3346D00CE554E /* AppDelegate.swift in Sources */,
				8494FCBA1BC36AAF00CE554E /* HealthKitViewController.swift in Sources */,
				8494FCBC1BC374EB00CE554E /* LoadingViewController.swift in Sources */,
				8ED2D1151D57A3DC00F1AA11 /* LapsRaceTrack.swift in Sources */,
				8494FCC31BC3867800CE554E /* LeaderboardViewController.swift in Sources */,
				9F1E06011BDD181100D927DC /* RaceTrack.swift in Sources */,
				9F1E05FF1BDD175400D927DC /* RaceTrackViewController.swift in Sources */,
				8494FCC11BC37A3C00CE554E /* HealthManager.swift in Sources */,
				8ECB74BE1D4B1B4A002134AA /* PowerupManager.swift in Sources */,
				8449AB641BC628DD0076071E /* UIView+Storyboard.swift in Sources */,
			);
			runOnlyForDeploymentPostprocessing = 0;
		};
		8494FC951BC3346D00CE554E /* Sources */ = {
			isa = PBXSourcesBuildPhase;
			buildActionMask = 2147483647;
			files = (
				8494FC9E1BC3346D00CE554E /* KardioKartTests.swift in Sources */,
			);
			runOnlyForDeploymentPostprocessing = 0;
		};
		8494FCA01BC3346D00CE554E /* Sources */ = {
			isa = PBXSourcesBuildPhase;
			buildActionMask = 2147483647;
			files = (
				8494FCA91BC3346D00CE554E /* KardioKartUITests.swift in Sources */,
			);
			runOnlyForDeploymentPostprocessing = 0;
		};
/* End PBXSourcesBuildPhase section */

/* Begin PBXTargetDependency section */
		8494FC9B1BC3346D00CE554E /* PBXTargetDependency */ = {
			isa = PBXTargetDependency;
			target = 8494FC841BC3346D00CE554E /* KardioKart */;
			targetProxy = 8494FC9A1BC3346D00CE554E /* PBXContainerItemProxy */;
		};
		8494FCA61BC3346D00CE554E /* PBXTargetDependency */ = {
			isa = PBXTargetDependency;
			target = 8494FC841BC3346D00CE554E /* KardioKart */;
			targetProxy = 8494FCA51BC3346D00CE554E /* PBXContainerItemProxy */;
		};
/* End PBXTargetDependency section */

/* Begin PBXVariantGroup section */
		8494FC8C1BC3346D00CE554E /* Main.storyboard */ = {
			isa = PBXVariantGroup;
			children = (
				8494FC8D1BC3346D00CE554E /* Base */,
			);
			name = Main.storyboard;
			sourceTree = "<group>";
		};
		8494FC911BC3346D00CE554E /* LaunchScreen.storyboard */ = {
			isa = PBXVariantGroup;
			children = (
				8494FC921BC3346D00CE554E /* Base */,
			);
			name = LaunchScreen.storyboard;
			sourceTree = "<group>";
		};
/* End PBXVariantGroup section */

/* Begin XCBuildConfiguration section */
		8494FCAB1BC3346D00CE554E /* Debug */ = {
			isa = XCBuildConfiguration;
			buildSettings = {
				ALWAYS_SEARCH_USER_PATHS = NO;
				CLANG_CXX_LANGUAGE_STANDARD = "gnu++0x";
				CLANG_CXX_LIBRARY = "libc++";
				CLANG_ENABLE_MODULES = YES;
				CLANG_ENABLE_OBJC_ARC = YES;
				CLANG_WARN_BOOL_CONVERSION = YES;
				CLANG_WARN_CONSTANT_CONVERSION = YES;
				CLANG_WARN_DIRECT_OBJC_ISA_USAGE = YES_ERROR;
				CLANG_WARN_EMPTY_BODY = YES;
				CLANG_WARN_ENUM_CONVERSION = YES;
				CLANG_WARN_INT_CONVERSION = YES;
				CLANG_WARN_OBJC_ROOT_CLASS = YES_ERROR;
				CLANG_WARN_UNREACHABLE_CODE = YES;
				CLANG_WARN__DUPLICATE_METHOD_MATCH = YES;
				"CODE_SIGN_IDENTITY[sdk=iphoneos*]" = "iPhone Developer";
				COPY_PHASE_STRIP = NO;
				DEBUG_INFORMATION_FORMAT = dwarf;
				ENABLE_STRICT_OBJC_MSGSEND = YES;
				ENABLE_TESTABILITY = YES;
				GCC_C_LANGUAGE_STANDARD = gnu99;
				GCC_DYNAMIC_NO_PIC = NO;
				GCC_NO_COMMON_BLOCKS = YES;
				GCC_OPTIMIZATION_LEVEL = 0;
				GCC_PREPROCESSOR_DEFINITIONS = (
					"DEBUG=1",
					"$(inherited)",
				);
				GCC_WARN_64_TO_32_BIT_CONVERSION = YES;
				GCC_WARN_ABOUT_RETURN_TYPE = YES_ERROR;
				GCC_WARN_UNDECLARED_SELECTOR = YES;
				GCC_WARN_UNINITIALIZED_AUTOS = YES_AGGRESSIVE;
				GCC_WARN_UNUSED_FUNCTION = YES;
				GCC_WARN_UNUSED_VARIABLE = YES;
				IPHONEOS_DEPLOYMENT_TARGET = 9.0;
				MTL_ENABLE_DEBUG_INFO = YES;
				ONLY_ACTIVE_ARCH = YES;
				SDKROOT = iphoneos;
				SWIFT_OPTIMIZATION_LEVEL = "-Onone";
			};
			name = Debug;
		};
		8494FCAC1BC3346D00CE554E /* Release */ = {
			isa = XCBuildConfiguration;
			buildSettings = {
				ALWAYS_SEARCH_USER_PATHS = NO;
				CLANG_CXX_LANGUAGE_STANDARD = "gnu++0x";
				CLANG_CXX_LIBRARY = "libc++";
				CLANG_ENABLE_MODULES = YES;
				CLANG_ENABLE_OBJC_ARC = YES;
				CLANG_WARN_BOOL_CONVERSION = YES;
				CLANG_WARN_CONSTANT_CONVERSION = YES;
				CLANG_WARN_DIRECT_OBJC_ISA_USAGE = YES_ERROR;
				CLANG_WARN_EMPTY_BODY = YES;
				CLANG_WARN_ENUM_CONVERSION = YES;
				CLANG_WARN_INT_CONVERSION = YES;
				CLANG_WARN_OBJC_ROOT_CLASS = YES_ERROR;
				CLANG_WARN_UNREACHABLE_CODE = YES;
				CLANG_WARN__DUPLICATE_METHOD_MATCH = YES;
				"CODE_SIGN_IDENTITY[sdk=iphoneos*]" = "iPhone Developer";
				COPY_PHASE_STRIP = NO;
				DEBUG_INFORMATION_FORMAT = "dwarf-with-dsym";
				ENABLE_NS_ASSERTIONS = NO;
				ENABLE_STRICT_OBJC_MSGSEND = YES;
				GCC_C_LANGUAGE_STANDARD = gnu99;
				GCC_NO_COMMON_BLOCKS = YES;
				GCC_WARN_64_TO_32_BIT_CONVERSION = YES;
				GCC_WARN_ABOUT_RETURN_TYPE = YES_ERROR;
				GCC_WARN_UNDECLARED_SELECTOR = YES;
				GCC_WARN_UNINITIALIZED_AUTOS = YES_AGGRESSIVE;
				GCC_WARN_UNUSED_FUNCTION = YES;
				GCC_WARN_UNUSED_VARIABLE = YES;
				IPHONEOS_DEPLOYMENT_TARGET = 9.0;
				MTL_ENABLE_DEBUG_INFO = NO;
				SDKROOT = iphoneos;
				VALIDATE_PRODUCT = YES;
			};
			name = Release;
		};
		8494FCAE1BC3346D00CE554E /* Debug */ = {
			isa = XCBuildConfiguration;
			baseConfigurationReference = 219166F9342E1006C155F951 /* Pods-KardioKart.debug.xcconfig */;
			buildSettings = {
				ASSETCATALOG_COMPILER_APPICON_NAME = AppIcon;
				CODE_SIGN_ENTITLEMENTS = KardioKart/KardioKart.entitlements;
				CODE_SIGN_IDENTITY = "iPhone Developer: jingqing ren (9U7H34T5V8)";
				INFOPLIST_FILE = "$(SRCROOT)/KardioKart/Info.plist";
				LD_RUNPATH_SEARCH_PATHS = "$(inherited) @executable_path/Frameworks";
				PRODUCT_BUNDLE_IDENTIFIER = com.chemBlink.test;
				PRODUCT_NAME = KardioKart;
				PROVISIONING_PROFILE = "e9e46891-3e98-4be2-8780-6ccd79d4fc97";
				SWIFT_OBJC_BRIDGING_HEADER = "KardioKart-Bridging-Header.h";
				TARGETED_DEVICE_FAMILY = 1;
			};
			name = Debug;
		};
		8494FCAF1BC3346D00CE554E /* Release */ = {
			isa = XCBuildConfiguration;
			baseConfigurationReference = B679B92544A6664551333CAF /* Pods-KardioKart.release.xcconfig */;
			buildSettings = {
				ASSETCATALOG_COMPILER_APPICON_NAME = AppIcon;
				CODE_SIGN_ENTITLEMENTS = KardioKart/KardioKart.entitlements;
				CODE_SIGN_IDENTITY = "iPhone Distribution: jingqing ren (36A757JM2P)";
				INFOPLIST_FILE = "$(SRCROOT)/KardioKart/Info.plist";
				LD_RUNPATH_SEARCH_PATHS = "$(inherited) @executable_path/Frameworks";
				PRODUCT_BUNDLE_IDENTIFIER = com.chemBlink.test;
				PRODUCT_NAME = KardioKart;
				PROVISIONING_PROFILE = "b42670e5-9a47-4244-8000-58ea2ff2b356";
				SWIFT_OBJC_BRIDGING_HEADER = "KardioKart-Bridging-Header.h";
				TARGETED_DEVICE_FAMILY = 1;
			};
			name = Release;
		};
		8494FCB11BC3346D00CE554E /* Debug */ = {
			isa = XCBuildConfiguration;
			buildSettings = {
				BUNDLE_LOADER = "$(TEST_HOST)";
				INFOPLIST_FILE = CardioKartTests/Info.plist;
				LD_RUNPATH_SEARCH_PATHS = "$(inherited) @executable_path/Frameworks @loader_path/Frameworks";
				PRODUCT_BUNDLE_IDENTIFIER = Kartio.CardioKartTests;
				PRODUCT_NAME = KardioKart;
				TEST_HOST = "$(BUILT_PRODUCTS_DIR)/KardioKart.app/KardioKart";
			};
			name = Debug;
		};
		8494FCB21BC3346D00CE554E /* Release */ = {
			isa = XCBuildConfiguration;
			buildSettings = {
				BUNDLE_LOADER = "$(TEST_HOST)";
				INFOPLIST_FILE = CardioKartTests/Info.plist;
				LD_RUNPATH_SEARCH_PATHS = "$(inherited) @executable_path/Frameworks @loader_path/Frameworks";
				PRODUCT_BUNDLE_IDENTIFIER = Kartio.CardioKartTests;
				PRODUCT_NAME = KardioKart;
				TEST_HOST = "$(BUILT_PRODUCTS_DIR)/KardioKart.app/KardioKart";
			};
			name = Release;
		};
		8494FCB41BC3346D00CE554E /* Debug */ = {
			isa = XCBuildConfiguration;
			buildSettings = {
				INFOPLIST_FILE = CardioKartUITests/Info.plist;
				LD_RUNPATH_SEARCH_PATHS = "$(inherited) @executable_path/Frameworks @loader_path/Frameworks";
				PRODUCT_BUNDLE_IDENTIFIER = Kartio.CardioKartUITests;
				PRODUCT_NAME = KardioKart;
				TEST_TARGET_NAME = CardioKart;
				USES_XCTRUNNER = YES;
			};
			name = Debug;
		};
		8494FCB51BC3346D00CE554E /* Release */ = {
			isa = XCBuildConfiguration;
			buildSettings = {
				INFOPLIST_FILE = CardioKartUITests/Info.plist;
				LD_RUNPATH_SEARCH_PATHS = "$(inherited) @executable_path/Frameworks @loader_path/Frameworks";
				PRODUCT_BUNDLE_IDENTIFIER = Kartio.CardioKartUITests;
				PRODUCT_NAME = KardioKart;
				TEST_TARGET_NAME = CardioKart;
				USES_XCTRUNNER = YES;
			};
			name = Release;
		};
/* End XCBuildConfiguration section */

/* Begin XCConfigurationList section */
		8494FC801BC3346C00CE554E /* Build configuration list for PBXProject "KardioKart" */ = {
			isa = XCConfigurationList;
			buildConfigurations = (
				8494FCAB1BC3346D00CE554E /* Debug */,
				8494FCAC1BC3346D00CE554E /* Release */,
			);
			defaultConfigurationIsVisible = 0;
			defaultConfigurationName = Release;
		};
		8494FCAD1BC3346D00CE554E /* Build configuration list for PBXNativeTarget "KardioKart" */ = {
			isa = XCConfigurationList;
			buildConfigurations = (
				8494FCAE1BC3346D00CE554E /* Debug */,
				8494FCAF1BC3346D00CE554E /* Release */,
			);
			defaultConfigurationIsVisible = 0;
			defaultConfigurationName = Release;
		};
		8494FCB01BC3346D00CE554E /* Build configuration list for PBXNativeTarget "KardioKartTests" */ = {
			isa = XCConfigurationList;
			buildConfigurations = (
				8494FCB11BC3346D00CE554E /* Debug */,
				8494FCB21BC3346D00CE554E /* Release */,
			);
			defaultConfigurationIsVisible = 0;
			defaultConfigurationName = Release;
		};
		8494FCB31BC3346D00CE554E /* Build configuration list for PBXNativeTarget "KardioKartUITests" */ = {
			isa = XCConfigurationList;
			buildConfigurations = (
				8494FCB41BC3346D00CE554E /* Debug */,
				8494FCB51BC3346D00CE554E /* Release */,
			);
			defaultConfigurationIsVisible = 0;
			defaultConfigurationName = Release;
		};
/* End XCConfigurationList section */
	};
	rootObject = 8494FC7D1BC3346C00CE554E /* Project object */;
}
